
Microsoft Visual Studio Solution File, Format Version 12.00
# Visual Studio 15
VisualStudioVersion = 15.0.28307.271
MinimumVisualStudioVersion = 10.0.40219.1
Project("{FAE04EC0-301F-11D3-BF4B-00C04F79EFBC}") = "LineaSupermercado.UI", "LineaSupermercado.UI\LineaSupermercado.UI.csproj", "{ED4CCD6A-AC0A-45E0-BED1-837787326200}"
EndProject
Project("{FAE04EC0-301F-11D3-BF4B-00C04F79EFBC}") = "LineaSupermercado.DataAccess", "LineaSupermercado.DataAccess\LineaSupermercado.DataAccess.csproj", "{81673E02-217D-4C05-B185-1986C868EBBB}"
EndProject
Project("{FAE04EC0-301F-11D3-BF4B-00C04F79EFBC}") = "LineaSupermercado.Model", "LineaSupermercado.Model\LineaSupermercado.Model.csproj", "{DF8CFBD1-7EE4-4A38-A4E5-6A25CB6549DA}"
EndProject
Global
	GlobalSection(SolutionConfigurationPlatforms) = preSolution
		Debug|Any CPU = Debug|Any CPU
		Release|Any CPU = Release|Any CPU
	EndGlobalSection
	GlobalSection(ProjectConfigurationPlatforms) = postSolution
		{ED4CCD6A-AC0A-45E0-BED1-837787326200}.Debug|Any CPU.ActiveCfg = Debug|Any CPU
		{ED4CCD6A-AC0A-45E0-BED1-837787326200}.Debug|Any CPU.Build.0 = Debug|Any CPU
		{ED4CCD6A-AC0A-45E0-BED1-837787326200}.Release|Any CPU.ActiveCfg = Release|Any CPU
		{ED4CCD6A-AC0A-45E0-BED1-837787326200}.Release|Any CPU.Build.0 = Release|Any CPU
		{81673E02-217D-4C05-B185-1986C868EBBB}.Debug|Any CPU.ActiveCfg = Debug|Any CPU
		{81673E02-217D-4C05-B185-1986C868EBBB}.Debug|Any CPU.Build.0 = Debug|Any CPU
		{81673E02-217D-4C05-B185-1986C868EBBB}.Release|Any CPU.ActiveCfg = Release|Any CPU
		{81673E02-217D-4C05-B185-1986C868EBBB}.Release|Any CPU.Build.0 = Release|Any CPU
		{DF8CFBD1-7EE4-4A38-A4E5-6A25CB6549DA}.Debug|Any CPU.ActiveCfg = Debug|Any CPU
		{DF8CFBD1-7EE4-4A38-A4E5-6A25CB6549DA}.Debug|Any CPU.Build.0 = Debug|Any CPU
		{DF8CFBD1-7EE4-4A38-A4E5-6A25CB6549DA}.Release|Any CPU.ActiveCfg = Release|Any CPU
		{DF8CFBD1-7EE4-4A38-A4E5-6A25CB6549DA}.Release|Any CPU.Build.0 = Release|Any CPU
	EndGlobalSection
	GlobalSection(SolutionProperties) = preSolution
		HideSolutionNode = FALSE
	EndGlobalSection
	GlobalSection(ExtensibilityGlobals) = postSolution
		SolutionGuid = {435F2259-01C3-466B-A210-4E0C0173B00A}
	EndGlobalSection
EndGlobal
